
Microsoft Visual Studio Solution File, Format Version 12.00
# Visual Studio 15
VisualStudioVersion = 15.0.28307.489
MinimumVisualStudioVersion = 10.0.40219.1
Project("{FAE04EC0-301F-11D3-BF4B-00C04F79EFBC}") = "Lab_Assignment3_CommandPattern", "Lab_Assignment3_CommandPattern\Lab_Assignment3_CommandPattern.csproj", "{5AF11C7E-F908-41A1-8699-ABB02F617923}"
EndProject
Global
	GlobalSection(SolutionConfigurationPlatforms) = preSolution
		Debug|Any CPU = Debug|Any CPU
		Release|Any CPU = Release|Any CPU
	EndGlobalSection
	GlobalSection(ProjectConfigurationPlatforms) = postSolution
		{5AF11C7E-F908-41A1-8699-ABB02F617923}.Debug|Any CPU.ActiveCfg = Debug|Any CPU
		{5AF11C7E-F908-41A1-8699-ABB02F617923}.Debug|Any CPU.Build.0 = Debug|Any CPU
		{5AF11C7E-F908-41A1-8699-ABB02F617923}.Release|Any CPU.ActiveCfg = Release|Any CPU
		{5AF11C7E-F908-41A1-8699-ABB02F617923}.Release|Any CPU.Build.0 = Release|Any CPU
	EndGlobalSection
	GlobalSection(SolutionProperties) = preSolution
		HideSolutionNode = FALSE
	EndGlobalSection
	GlobalSection(ExtensibilityGlobals) = postSolution
		SolutionGuid = {A1000E63-04D2-44A5-AF22-B39A40A7CD5A}
	EndGlobalSection
EndGlobal
